
Microsoft Visual Studio Solution File, Format Version 12.00
# Visual Studio Version 17
VisualStudioVersion = 17.7.34031.279
MinimumVisualStudioVersion = 10.0.40219.1
Project("{FAE04EC0-301F-11D3-BF4B-00C04F79EFBC}") = "AoC_2023", "AoC_2023.csproj", "{CE1209C1-0CE8-4F89-A30C-0B6FCA1E261B}"
EndProject
Global
	GlobalSection(SolutionConfigurationPlatforms) = preSolution
		Debug|Any CPU = Debug|Any CPU
		Release|Any CPU = Release|Any CPU
	EndGlobalSection
	GlobalSection(ProjectConfigurationPlatforms) = postSolution
		{CE1209C1-0CE8-4F89-A30C-0B6FCA1E261B}.Debug|Any CPU.ActiveCfg = Debug|Any CPU
		{CE1209C1-0CE8-4F89-A30C-0B6FCA1E261B}.Debug|Any CPU.Build.0 = Debug|Any CPU
		{CE1209C1-0CE8-4F89-A30C-0B6FCA1E261B}.Release|Any CPU.ActiveCfg = Release|Any CPU
		{CE1209C1-0CE8-4F89-A30C-0B6FCA1E261B}.Release|Any CPU.Build.0 = Release|Any CPU
	EndGlobalSection
	GlobalSection(SolutionProperties) = preSolution
		HideSolutionNode = FALSE
	EndGlobalSection
	GlobalSection(ExtensibilityGlobals) = postSolution
		SolutionGuid = {90A19A5B-B422-44A9-AD50-2B8069E9A299}
	EndGlobalSection
EndGlobal
